
Microsoft Visual Studio Solution File, Format Version 12.00
# Visual Studio 2013
VisualStudioVersion = 12.0.30723.0
MinimumVisualStudioVersion = 10.0.40219.1
Project("{FAE04EC0-301F-11D3-BF4B-00C04F79EFBC}") = "TargetControl", "TargetControl\TargetControl.csproj", "{3018818A-9E8A-4987-B409-A28E3D288B50}"
EndProject
Project("{FAE04EC0-301F-11D3-BF4B-00C04F79EFBC}") = "TargetControl.Test", "TargetControl.Test\TargetControl.Test.csproj", "{5458785E-2F78-4139-A9C9-494BE041F315}"
EndProject
Global
	GlobalSection(SolutionConfigurationPlatforms) = preSolution
		Debug|Any CPU = Debug|Any CPU
		Release|Any CPU = Release|Any CPU
	EndGlobalSection
	GlobalSection(ProjectConfigurationPlatforms) = postSolution
		{3018818A-9E8A-4987-B409-A28E3D288B50}.Debug|Any CPU.ActiveCfg = Debug|Any CPU
		{3018818A-9E8A-4987-B409-A28E3D288B50}.Debug|Any CPU.Build.0 = Debug|Any CPU
		{3018818A-9E8A-4987-B409-A28E3D288B50}.Release|Any CPU.ActiveCfg = Release|Any CPU
		{3018818A-9E8A-4987-B409-A28E3D288B50}.Release|Any CPU.Build.0 = Release|Any CPU
		{5458785E-2F78-4139-A9C9-494BE041F315}.Debug|Any CPU.ActiveCfg = Debug|Any CPU
		{5458785E-2F78-4139-A9C9-494BE041F315}.Debug|Any CPU.Build.0 = Debug|Any CPU
		{5458785E-2F78-4139-A9C9-494BE041F315}.Release|Any CPU.ActiveCfg = Release|Any CPU
		{5458785E-2F78-4139-A9C9-494BE041F315}.Release|Any CPU.Build.0 = Release|Any CPU
	EndGlobalSection
	GlobalSection(SolutionProperties) = preSolution
		HideSolutionNode = FALSE
	EndGlobalSection
EndGlobal
